
Microsoft Visual Studio Solution File, Format Version 12.00
# Visual Studio Version 16
VisualStudioVersion = 16.0.30104.148
MinimumVisualStudioVersion = 10.0.40219.1
Project("{FAE04EC0-301F-11D3-BF4B-00C04F79EFBC}") = "MarryAnyone", "MarryAnyone.csproj", "{AF64EDCA-2639-40D1-8B91-EEF7AC5790C7}"
EndProject
Global
	GlobalSection(SolutionConfigurationPlatforms) = preSolution
		Debug|x64 = Debug|x64
		Release|x64 = Release|x64
	EndGlobalSection
	GlobalSection(ProjectConfigurationPlatforms) = postSolution
		{AF64EDCA-2639-40D1-8B91-EEF7AC5790C7}.Debug|x64.ActiveCfg = Release|x64
		{AF64EDCA-2639-40D1-8B91-EEF7AC5790C7}.Debug|x64.Build.0 = Release|x64
		{AF64EDCA-2639-40D1-8B91-EEF7AC5790C7}.Release|x64.ActiveCfg = Release|x64
		{AF64EDCA-2639-40D1-8B91-EEF7AC5790C7}.Release|x64.Build.0 = Release|x64
	EndGlobalSection
	GlobalSection(SolutionProperties) = preSolution
		HideSolutionNode = FALSE
	EndGlobalSection
	GlobalSection(ExtensibilityGlobals) = postSolution
		SolutionGuid = {B77A6EF8-7093-43E3-8496-0C23325B88A7}
	EndGlobalSection
EndGlobal
