
Microsoft Visual Studio Solution File, Format Version 12.00
# Visual Studio Version 17
VisualStudioVersion = 17.2.32630.192
MinimumVisualStudioVersion = 10.0.40219.1
Project("{FAE04EC0-301F-11D3-BF4B-00C04F79EFBC}") = "MarryAnyone", "MarryAnyone\MarryAnyone.csproj", "{CFA80E98-93DC-470E-AC6E-5B55B6CEDAAE}"
EndProject
Global
	GlobalSection(SolutionConfigurationPlatforms) = preSolution
		Debug|x64 = Debug|x64
		Release|x64 = Release|x64
	EndGlobalSection
	GlobalSection(ProjectConfigurationPlatforms) = postSolution
		{CFA80E98-93DC-470E-AC6E-5B55B6CEDAAE}.Debug|x64.ActiveCfg = Debug|x64
		{CFA80E98-93DC-470E-AC6E-5B55B6CEDAAE}.Debug|x64.Build.0 = Debug|x64
		{CFA80E98-93DC-470E-AC6E-5B55B6CEDAAE}.Release|x64.ActiveCfg = Release|x64
		{CFA80E98-93DC-470E-AC6E-5B55B6CEDAAE}.Release|x64.Build.0 = Release|x64
	EndGlobalSection
	GlobalSection(SolutionProperties) = preSolution
		HideSolutionNode = FALSE
	EndGlobalSection
	GlobalSection(ExtensibilityGlobals) = postSolution
		SolutionGuid = {44417863-E827-49D8-A85A-F4A27E9E4B0A}
	EndGlobalSection
EndGlobal
